
Microsoft Visual Studio Solution File, Format Version 12.00
# Visual Studio Version 17
VisualStudioVersion = 17.6.33815.320
MinimumVisualStudioVersion = 10.0.40219.1
Project("{FAE04EC0-301F-11D3-BF4B-00C04F79EFBC}") = "ElevatorCheckAPI.Api", "ElevatorCheck\ElevatorCheckAPI.Api.csproj", "{FFB4D60C-C202-45EF-98A0-1CEFE6E6AEE0}"
EndProject
Project("{FAE04EC0-301F-11D3-BF4B-00C04F79EFBC}") = "ElevatorCheckAPI.Entity", "ElevatorCheck.Entity\ElevatorCheckAPI.Entity.csproj", "{5090E83D-4EBE-416C-90D2-608E815E6EFA}"
EndProject
Project("{FAE04EC0-301F-11D3-BF4B-00C04F79EFBC}") = "ElevatorCheckAPI.Helper", "ElevatorCheckAPI.Helper\ElevatorCheckAPI.Helper.csproj", "{4082791B-0904-447D-826E-A7DC8431FB0C}"
EndProject
Project("{FAE04EC0-301F-11D3-BF4B-00C04F79EFBC}") = "ElevatorCheckAPI.DAL", "ElevatorCheckAPI.DAL\ElevatorCheckAPI.DAL.csproj", "{CE91FF63-7469-4B95-B690-6C7404E6148D}"
EndProject
Project("{FAE04EC0-301F-11D3-BF4B-00C04F79EFBC}") = "ElevatorCheckAPI.Business", "ElevatorCheckAPI.Business\ElevatorCheckAPI.Business.csproj", "{4344F141-4203-4033-9943-A94777092F67}"
EndProject
Global
	GlobalSection(SolutionConfigurationPlatforms) = preSolution
		Debug|Any CPU = Debug|Any CPU
		Release|Any CPU = Release|Any CPU
	EndGlobalSection
	GlobalSection(ProjectConfigurationPlatforms) = postSolution
		{FFB4D60C-C202-45EF-98A0-1CEFE6E6AEE0}.Debug|Any CPU.ActiveCfg = Debug|Any CPU
		{FFB4D60C-C202-45EF-98A0-1CEFE6E6AEE0}.Debug|Any CPU.Build.0 = Debug|Any CPU
		{FFB4D60C-C202-45EF-98A0-1CEFE6E6AEE0}.Release|Any CPU.ActiveCfg = Release|Any CPU
		{FFB4D60C-C202-45EF-98A0-1CEFE6E6AEE0}.Release|Any CPU.Build.0 = Release|Any CPU
		{5090E83D-4EBE-416C-90D2-608E815E6EFA}.Debug|Any CPU.ActiveCfg = Debug|Any CPU
		{5090E83D-4EBE-416C-90D2-608E815E6EFA}.Debug|Any CPU.Build.0 = Debug|Any CPU
		{5090E83D-4EBE-416C-90D2-608E815E6EFA}.Release|Any CPU.ActiveCfg = Release|Any CPU
		{5090E83D-4EBE-416C-90D2-608E815E6EFA}.Release|Any CPU.Build.0 = Release|Any CPU
		{4082791B-0904-447D-826E-A7DC8431FB0C}.Debug|Any CPU.ActiveCfg = Debug|Any CPU
		{4082791B-0904-447D-826E-A7DC8431FB0C}.Debug|Any CPU.Build.0 = Debug|Any CPU
		{4082791B-0904-447D-826E-A7DC8431FB0C}.Release|Any CPU.ActiveCfg = Release|Any CPU
		{4082791B-0904-447D-826E-A7DC8431FB0C}.Release|Any CPU.Build.0 = Release|Any CPU
		{CE91FF63-7469-4B95-B690-6C7404E6148D}.Debug|Any CPU.ActiveCfg = Debug|Any CPU
		{CE91FF63-7469-4B95-B690-6C7404E6148D}.Debug|Any CPU.Build.0 = Debug|Any CPU
		{CE91FF63-7469-4B95-B690-6C7404E6148D}.Release|Any CPU.ActiveCfg = Release|Any CPU
		{CE91FF63-7469-4B95-B690-6C7404E6148D}.Release|Any CPU.Build.0 = Release|Any CPU
		{4344F141-4203-4033-9943-A94777092F67}.Debug|Any CPU.ActiveCfg = Debug|Any CPU
		{4344F141-4203-4033-9943-A94777092F67}.Debug|Any CPU.Build.0 = Debug|Any CPU
		{4344F141-4203-4033-9943-A94777092F67}.Release|Any CPU.ActiveCfg = Release|Any CPU
		{4344F141-4203-4033-9943-A94777092F67}.Release|Any CPU.Build.0 = Release|Any CPU
	EndGlobalSection
	GlobalSection(SolutionProperties) = preSolution
		HideSolutionNode = FALSE
	EndGlobalSection
	GlobalSection(ExtensibilityGlobals) = postSolution
		SolutionGuid = {CBB66DDA-553D-45CE-A548-75D6EDBFB0AD}
	EndGlobalSection
EndGlobal
